
Microsoft Visual Studio Solution File, Format Version 12.00
# Visual Studio Version 16
VisualStudioVersion = 16.0.30711.63
MinimumVisualStudioVersion = 10.0.40219.1
Project("{FAE04EC0-301F-11D3-BF4B-00C04F79EFBC}") = "ProjectAid", "ProjectAid\ProjectAid.csproj", "{786E9425-6C68-47BD-BDBE-BAE97A7A87EA}"
EndProject
Global
	GlobalSection(SolutionConfigurationPlatforms) = preSolution
		Debug|Any CPU = Debug|Any CPU
		Release|Any CPU = Release|Any CPU
	EndGlobalSection
	GlobalSection(ProjectConfigurationPlatforms) = postSolution
		{786E9425-6C68-47BD-BDBE-BAE97A7A87EA}.Debug|Any CPU.ActiveCfg = Debug|Any CPU
		{786E9425-6C68-47BD-BDBE-BAE97A7A87EA}.Debug|Any CPU.Build.0 = Debug|Any CPU
		{786E9425-6C68-47BD-BDBE-BAE97A7A87EA}.Release|Any CPU.ActiveCfg = Release|Any CPU
		{786E9425-6C68-47BD-BDBE-BAE97A7A87EA}.Release|Any CPU.Build.0 = Release|Any CPU
	EndGlobalSection
	GlobalSection(SolutionProperties) = preSolution
		HideSolutionNode = FALSE
	EndGlobalSection
	GlobalSection(ExtensibilityGlobals) = postSolution
		SolutionGuid = {301FFA62-47C2-4CFD-9EAE-63E7281371C4}
	EndGlobalSection
EndGlobal
